
Microsoft Visual Studio Solution File, Format Version 12.00
# Visual Studio 15
VisualStudioVersion = 15.0.27703.2035
MinimumVisualStudioVersion = 10.0.40219.1
Project("{FAE04EC0-301F-11D3-BF4B-00C04F79EFBC}") = "AnimalFanSite", "AnimalFanSite\AnimalFanSite.csproj", "{27D48A59-7E69-4D12-87EE-25B8EB263DB5}"
EndProject
Global
	GlobalSection(SolutionConfigurationPlatforms) = preSolution
		Debug|Any CPU = Debug|Any CPU
		Release|Any CPU = Release|Any CPU
	EndGlobalSection
	GlobalSection(ProjectConfigurationPlatforms) = postSolution
		{27D48A59-7E69-4D12-87EE-25B8EB263DB5}.Debug|Any CPU.ActiveCfg = Debug|Any CPU
		{27D48A59-7E69-4D12-87EE-25B8EB263DB5}.Debug|Any CPU.Build.0 = Debug|Any CPU
		{27D48A59-7E69-4D12-87EE-25B8EB263DB5}.Release|Any CPU.ActiveCfg = Release|Any CPU
		{27D48A59-7E69-4D12-87EE-25B8EB263DB5}.Release|Any CPU.Build.0 = Release|Any CPU
	EndGlobalSection
	GlobalSection(SolutionProperties) = preSolution
		HideSolutionNode = FALSE
	EndGlobalSection
	GlobalSection(ExtensibilityGlobals) = postSolution
		SolutionGuid = {81DD1DC1-AFF3-46EB-B944-CD3B9761906E}
	EndGlobalSection
EndGlobal
