
Microsoft Visual Studio Solution File, Format Version 12.00
# Visual Studio 15
VisualStudioVersion = 15.0.26430.12
MinimumVisualStudioVersion = 10.0.40219.1
Project("{9A19103F-16F7-4668-BE54-9A1E7A4F7556}") = "AtriumWebApp.Web.Home", "AtriumWebApp.Web.Home\AtriumWebApp.Web.Home.csproj", "{F6A84E62-AA3D-4C40-ADB9-C076D93E5207}"
EndProject
Project("{FAE04EC0-301F-11D3-BF4B-00C04F79EFBC}") = "AtriumWebApp.Models", "..\..\CEA - Common\Dev\AtriumWebApp.Data.Models\AtriumWebApp.Models.csproj", "{C6B19E93-FC3E-45F6-AC87-1C38B6A877F5}"
EndProject
Project("{9A19103F-16F7-4668-BE54-9A1E7A4F7556}") = "AtriumWebApp.Web.Base", "..\..\CEA - Common\Dev\CEA Common Core\AtriumWebApp.Web.Base.csproj", "{919072AE-3BE3-435D-8F1D-628941635515}"
EndProject
Global
	GlobalSection(SolutionConfigurationPlatforms) = preSolution
		Debug|Any CPU = Debug|Any CPU
		Release|Any CPU = Release|Any CPU
		Test|Any CPU = Test|Any CPU
	EndGlobalSection
	GlobalSection(ProjectConfigurationPlatforms) = postSolution
		{F6A84E62-AA3D-4C40-ADB9-C076D93E5207}.Debug|Any CPU.ActiveCfg = Debug|Any CPU
		{F6A84E62-AA3D-4C40-ADB9-C076D93E5207}.Debug|Any CPU.Build.0 = Debug|Any CPU
		{F6A84E62-AA3D-4C40-ADB9-C076D93E5207}.Release|Any CPU.ActiveCfg = Release|Any CPU
		{F6A84E62-AA3D-4C40-ADB9-C076D93E5207}.Release|Any CPU.Build.0 = Release|Any CPU
		{F6A84E62-AA3D-4C40-ADB9-C076D93E5207}.Test|Any CPU.ActiveCfg = Debug|Any CPU
		{F6A84E62-AA3D-4C40-ADB9-C076D93E5207}.Test|Any CPU.Build.0 = Debug|Any CPU
		{C6B19E93-FC3E-45F6-AC87-1C38B6A877F5}.Debug|Any CPU.ActiveCfg = Debug|Any CPU
		{C6B19E93-FC3E-45F6-AC87-1C38B6A877F5}.Debug|Any CPU.Build.0 = Debug|Any CPU
		{C6B19E93-FC3E-45F6-AC87-1C38B6A877F5}.Release|Any CPU.ActiveCfg = Release|Any CPU
		{C6B19E93-FC3E-45F6-AC87-1C38B6A877F5}.Release|Any CPU.Build.0 = Release|Any CPU
		{C6B19E93-FC3E-45F6-AC87-1C38B6A877F5}.Test|Any CPU.ActiveCfg = Test|Any CPU
		{C6B19E93-FC3E-45F6-AC87-1C38B6A877F5}.Test|Any CPU.Build.0 = Test|Any CPU
		{919072AE-3BE3-435D-8F1D-628941635515}.Debug|Any CPU.ActiveCfg = Debug|Any CPU
		{919072AE-3BE3-435D-8F1D-628941635515}.Debug|Any CPU.Build.0 = Debug|Any CPU
		{919072AE-3BE3-435D-8F1D-628941635515}.Release|Any CPU.ActiveCfg = Release|Any CPU
		{919072AE-3BE3-435D-8F1D-628941635515}.Release|Any CPU.Build.0 = Release|Any CPU
		{919072AE-3BE3-435D-8F1D-628941635515}.Test|Any CPU.ActiveCfg = Debug|Any CPU
		{919072AE-3BE3-435D-8F1D-628941635515}.Test|Any CPU.Build.0 = Debug|Any CPU
	EndGlobalSection
	GlobalSection(SolutionProperties) = preSolution
		HideSolutionNode = FALSE
	EndGlobalSection
	GlobalSection(TeamFoundationVersionControl) = preSolution
		SccNumberOfProjects = 4
		SccEnterpriseProvider = {4CA58AB2-18FA-4F8D-95D4-32DDF27D184C}
		SccTeamFoundationServer = https://atriumlivingcenters.visualstudio.com/
		SccLocalPath0 = .
		SccProjectUniqueName1 = AtriumWebApp.Web.Home\\AtriumWebApp.Web.Home.csproj
		SccProjectName1 = AtriumWebApp.Web.Home
		SccLocalPath1 = AtriumWebApp.Web.Home
		SccProjectUniqueName2 = ..\\..\\CEA\u0020-\u0020Common\\Dev\\AtriumWebApp.Data.Models\\AtriumWebApp.Models.csproj
		SccProjectName2 = ../../CEA\u0020-\u0020Common/Dev/AtriumWebApp.Data.Models
		SccLocalPath2 = ..\\..\\CEA\u0020-\u0020Common\\Dev\\AtriumWebApp.Data.Models
		SccProjectUniqueName3 = ..\\..\\CEA\u0020-\u0020Common\\Dev\\CEA\u0020Common\u0020Core\\AtriumWebApp.Web.Base.csproj
		SccProjectName3 = ../../CEA\u0020-\u0020Common/Dev/CEA\u0020Common\u0020Core
		SccLocalPath3 = ..\\..\\CEA\u0020-\u0020Common\\Dev\\CEA\u0020Common\u0020Core
	EndGlobalSection
EndGlobal
