
Microsoft Visual Studio Solution File, Format Version 12.00
# Visual Studio 15
VisualStudioVersion = 15.0.26430.12
MinimumVisualStudioVersion = 10.0.40219.1
Project("{9A19103F-16F7-4668-BE54-9A1E7A4F7556}") = "AtriumWebApp.Web.ASAP", "AtriumWebApp.Web.ASAP\AtriumWebApp.Web.ASAP.csproj", "{26571AA6-D4EB-46F4-848E-07096B459494}"
EndProject
Project("{9A19103F-16F7-4668-BE54-9A1E7A4F7556}") = "AtriumWebApp.Web.Base", "..\..\CEA - Common\Dev\CEA Common Core\AtriumWebApp.Web.Base.csproj", "{4009B04E-5A9F-4DEA-B202-39226466E2CF}"
EndProject
Project("{FAE04EC0-301F-11D3-BF4B-00C04F79EFBC}") = "AtriumWebApp.Models", "..\..\CEA - Common\Dev\AtriumWebApp.Data.Models\AtriumWebApp.Models.csproj", "{C6B19E93-FC3E-45F6-AC87-1C38B6A877F5}"
EndProject
Global
	GlobalSection(SolutionConfigurationPlatforms) = preSolution
		Debug|Any CPU = Debug|Any CPU
		Release|Any CPU = Release|Any CPU
		Test|Any CPU = Test|Any CPU
	EndGlobalSection
	GlobalSection(ProjectConfigurationPlatforms) = postSolution
		{26571AA6-D4EB-46F4-848E-07096B459494}.Debug|Any CPU.ActiveCfg = Debug|Any CPU
		{26571AA6-D4EB-46F4-848E-07096B459494}.Debug|Any CPU.Build.0 = Debug|Any CPU
		{26571AA6-D4EB-46F4-848E-07096B459494}.Release|Any CPU.ActiveCfg = Release|Any CPU
		{26571AA6-D4EB-46F4-848E-07096B459494}.Release|Any CPU.Build.0 = Release|Any CPU
		{26571AA6-D4EB-46F4-848E-07096B459494}.Test|Any CPU.ActiveCfg = Debug|Any CPU
		{26571AA6-D4EB-46F4-848E-07096B459494}.Test|Any CPU.Build.0 = Debug|Any CPU
		{4009B04E-5A9F-4DEA-B202-39226466E2CF}.Debug|Any CPU.ActiveCfg = Debug|Any CPU
		{4009B04E-5A9F-4DEA-B202-39226466E2CF}.Debug|Any CPU.Build.0 = Debug|Any CPU
		{4009B04E-5A9F-4DEA-B202-39226466E2CF}.Release|Any CPU.ActiveCfg = Release|Any CPU
		{4009B04E-5A9F-4DEA-B202-39226466E2CF}.Release|Any CPU.Build.0 = Release|Any CPU
		{4009B04E-5A9F-4DEA-B202-39226466E2CF}.Test|Any CPU.ActiveCfg = Debug|Any CPU
		{4009B04E-5A9F-4DEA-B202-39226466E2CF}.Test|Any CPU.Build.0 = Debug|Any CPU
		{C6B19E93-FC3E-45F6-AC87-1C38B6A877F5}.Debug|Any CPU.ActiveCfg = Debug|Any CPU
		{C6B19E93-FC3E-45F6-AC87-1C38B6A877F5}.Debug|Any CPU.Build.0 = Debug|Any CPU
		{C6B19E93-FC3E-45F6-AC87-1C38B6A877F5}.Release|Any CPU.ActiveCfg = Release|Any CPU
		{C6B19E93-FC3E-45F6-AC87-1C38B6A877F5}.Release|Any CPU.Build.0 = Release|Any CPU
		{C6B19E93-FC3E-45F6-AC87-1C38B6A877F5}.Test|Any CPU.ActiveCfg = Test|Any CPU
		{C6B19E93-FC3E-45F6-AC87-1C38B6A877F5}.Test|Any CPU.Build.0 = Test|Any CPU
	EndGlobalSection
	GlobalSection(SolutionProperties) = preSolution
		HideSolutionNode = FALSE
	EndGlobalSection
	GlobalSection(TeamFoundationVersionControl) = preSolution
		SccNumberOfProjects = 4
		SccEnterpriseProvider = {4CA58AB2-18FA-4F8D-95D4-32DDF27D184C}
		SccTeamFoundationServer = https://atriumlivingcenters.visualstudio.com/
		SccLocalPath0 = .
		SccProjectUniqueName1 = AtriumWebApp.Web.ASAP\\AtriumWebApp.Web.ASAP.csproj
		SccProjectName1 = AtriumWebApp.Web.ASAP
		SccLocalPath1 = AtriumWebApp.Web.ASAP
		SccProjectUniqueName2 = ..\\..\\CEA\u0020-\u0020Common\\Dev\\CEA\u0020Common\u0020Core\\AtriumWebApp.Web.Base.csproj
		SccProjectName2 = ../../CEA\u0020-\u0020Common/Dev/CEA\u0020Common\u0020Core
		SccLocalPath2 = ..\\..\\CEA\u0020-\u0020Common\\Dev\\CEA\u0020Common\u0020Core
		SccProjectUniqueName3 = ..\\..\\CEA\u0020-\u0020Common\\Dev\\AtriumWebApp.Data.Models\\AtriumWebApp.Models.csproj
		SccProjectName3 = ../../CEA\u0020-\u0020Common/Dev/AtriumWebApp.Data.Models
		SccLocalPath3 = ..\\..\\CEA\u0020-\u0020Common\\Dev\\AtriumWebApp.Data.Models
	EndGlobalSection
EndGlobal
